<?xml version="1.0" encoding="UTF-8" standalone="yes" ?>
<CodeBlocks_project_file>
	<FileVersion major="1" minor="6" />
	<Project>
		<Option title="LibraryConT01" />
		<Option pch_mode="2" />
		<Option compiler="gcc" />
		<Build>
			<Target title="Debug">
				<Option output="bin/Debug/LibraryConT01" prefix_auto="1" extension_auto="1" />
				<Option object_output="obj/Debug/" />
				<Option type="1" />
				<Option compiler="gcc" />
				<Compiler>
					<Add option="-g" />
				</Compiler>
			</Target>
			<Target title="Release">
				<Option output="bin/Release/LibraryConT01" prefix_auto="1" extension_auto="1" />
				<Option object_output="obj/Release/" />
				<Option type="1" />
				<Option compiler="gcc" />
				<Compiler>
					<Add option="-O2" />
				</Compiler>
				<Linker>
					<Add option="-s" />
				</Linker>
			</Target>
		</Build>
		<Compiler>
			<Add option="-Wall" />
			<Add option="-fexceptions" />
			<Add directory="C:/development/SQLite" />
			<Add directory="C:/development/coniow" />
			<Add directory="sqlite3pp" />
		</Compiler>
		<Linker>
			<Add library="libsqlite3.a" />
			<Add library="libconio2.a" />
			<Add directory="C:/development/SQLite" />
			<Add directory="C:/development/coniow" />
		</Linker>
		<Unit filename="TestDatabase.cpp" />
		<Unit filename="TestDatabase.h" />
		<Unit filename="library.ico" />
		<Unit filename="library.rc">
			<Option compilerVar="WINDRES" />
		</Unit>
		<Unit filename="logger.cpp" />
		<Unit filename="logger.h" />
		<Unit filename="main.cpp" />
		<Unit filename="sqlite3pp/sqlite3pp.h" />
		<Unit filename="sqlite3pp/sqlite3pp.ipp" />
		<Unit filename="sqlite3pp/sqlite3ppext.h" />
		<Unit filename="sqlite3pp/sqlite3ppext.ipp" />
		<Extensions />
	</Project>
</CodeBlocks_project_file>
